
Microsoft Visual Studio Solution File, Format Version 12.00
Project("{FAE04EC0-301F-11D3-BF4B-00C04F79EFBC}") = "InterviewPractice.Api", "InterviewPractice.Api\InterviewPractice.Api.csproj", "{8FB459F1-2273-44AD-8AE1-2A1225D071B9}"
EndProject
Project("{FAE04EC0-301F-11D3-BF4B-00C04F79EFBC}") = "InterviewPractice.Domain", "InterviewPractice.Domain\InterviewPractice.Domain.csproj", "{A8AC3166-CF94-4BBC-8AD1-11883D7F611F}"
EndProject
Project("{FAE04EC0-301F-11D3-BF4B-00C04F79EFBC}") = "InterviewPractice.Application", "InterviewPractice.Application\InterviewPractice.Application.csproj", "{7B73C51F-BED2-4E79-9484-02BFBC137798}"
EndProject
Project("{FAE04EC0-301F-11D3-BF4B-00C04F79EFBC}") = "InterviewPractice.Infrastructure", "InterviewPractice.Infrastructure\InterviewPractice.Infrastructure.csproj", "{C851B991-E37C-406D-AA9D-A79DBF50A15A}"
EndProject
Global
	GlobalSection(SolutionConfigurationPlatforms) = preSolution
		Debug|Any CPU = Debug|Any CPU
		Debug|x64 = Debug|x64
		Debug|x86 = Debug|x86
		Release|Any CPU = Release|Any CPU
		Release|x64 = Release|x64
		Release|x86 = Release|x86
	EndGlobalSection
	GlobalSection(ProjectConfigurationPlatforms) = postSolution
		{8FB459F1-2273-44AD-8AE1-2A1225D071B9}.Debug|Any CPU.ActiveCfg = Debug|Any CPU
		{8FB459F1-2273-44AD-8AE1-2A1225D071B9}.Debug|Any CPU.Build.0 = Debug|Any CPU
		{8FB459F1-2273-44AD-8AE1-2A1225D071B9}.Debug|x64.ActiveCfg = Debug|Any CPU
		{8FB459F1-2273-44AD-8AE1-2A1225D071B9}.Debug|x64.Build.0 = Debug|Any CPU
		{8FB459F1-2273-44AD-8AE1-2A1225D071B9}.Debug|x86.ActiveCfg = Debug|Any CPU
		{8FB459F1-2273-44AD-8AE1-2A1225D071B9}.Debug|x86.Build.0 = Debug|Any CPU
		{8FB459F1-2273-44AD-8AE1-2A1225D071B9}.Release|Any CPU.ActiveCfg = Release|Any CPU
		{8FB459F1-2273-44AD-8AE1-2A1225D071B9}.Release|Any CPU.Build.0 = Release|Any CPU
		{8FB459F1-2273-44AD-8AE1-2A1225D071B9}.Release|x64.ActiveCfg = Release|Any CPU
		{8FB459F1-2273-44AD-8AE1-2A1225D071B9}.Release|x64.Build.0 = Release|Any CPU
		{8FB459F1-2273-44AD-8AE1-2A1225D071B9}.Release|x86.ActiveCfg = Release|Any CPU
		{8FB459F1-2273-44AD-8AE1-2A1225D071B9}.Release|x86.Build.0 = Release|Any CPU
		{A8AC3166-CF94-4BBC-8AD1-11883D7F611F}.Debug|Any CPU.ActiveCfg = Debug|Any CPU
		{A8AC3166-CF94-4BBC-8AD1-11883D7F611F}.Debug|Any CPU.Build.0 = Debug|Any CPU
		{A8AC3166-CF94-4BBC-8AD1-11883D7F611F}.Debug|x64.ActiveCfg = Debug|Any CPU
		{A8AC3166-CF94-4BBC-8AD1-11883D7F611F}.Debug|x64.Build.0 = Debug|Any CPU
		{A8AC3166-CF94-4BBC-8AD1-11883D7F611F}.Debug|x86.ActiveCfg = Debug|Any CPU
		{A8AC3166-CF94-4BBC-8AD1-11883D7F611F}.Debug|x86.Build.0 = Debug|Any CPU
		{A8AC3166-CF94-4BBC-8AD1-11883D7F611F}.Release|Any CPU.ActiveCfg = Release|Any CPU
		{A8AC3166-CF94-4BBC-8AD1-11883D7F611F}.Release|Any CPU.Build.0 = Release|Any CPU
		{A8AC3166-CF94-4BBC-8AD1-11883D7F611F}.Release|x64.ActiveCfg = Release|Any CPU
		{A8AC3166-CF94-4BBC-8AD1-11883D7F611F}.Release|x64.Build.0 = Release|Any CPU
		{A8AC3166-CF94-4BBC-8AD1-11883D7F611F}.Release|x86.ActiveCfg = Release|Any CPU
		{A8AC3166-CF94-4BBC-8AD1-11883D7F611F}.Release|x86.Build.0 = Release|Any CPU
		{7B73C51F-BED2-4E79-9484-02BFBC137798}.Debug|Any CPU.ActiveCfg = Debug|Any CPU
		{7B73C51F-BED2-4E79-9484-02BFBC137798}.Debug|Any CPU.Build.0 = Debug|Any CPU
		{7B73C51F-BED2-4E79-9484-02BFBC137798}.Debug|x64.ActiveCfg = Debug|Any CPU
		{7B73C51F-BED2-4E79-9484-02BFBC137798}.Debug|x64.Build.0 = Debug|Any CPU
		{7B73C51F-BED2-4E79-9484-02BFBC137798}.Debug|x86.ActiveCfg = Debug|Any CPU
		{7B73C51F-BED2-4E79-9484-02BFBC137798}.Debug|x86.Build.0 = Debug|Any CPU
		{7B73C51F-BED2-4E79-9484-02BFBC137798}.Release|Any CPU.ActiveCfg = Release|Any CPU
		{7B73C51F-BED2-4E79-9484-02BFBC137798}.Release|Any CPU.Build.0 = Release|Any CPU
		{7B73C51F-BED2-4E79-9484-02BFBC137798}.Release|x64.ActiveCfg = Release|Any CPU
		{7B73C51F-BED2-4E79-9484-02BFBC137798}.Release|x64.Build.0 = Release|Any CPU
		{7B73C51F-BED2-4E79-9484-02BFBC137798}.Release|x86.ActiveCfg = Release|Any CPU
		{7B73C51F-BED2-4E79-9484-02BFBC137798}.Release|x86.Build.0 = Release|Any CPU
		{C851B991-E37C-406D-AA9D-A79DBF50A15A}.Debug|Any CPU.ActiveCfg = Debug|Any CPU
		{C851B991-E37C-406D-AA9D-A79DBF50A15A}.Debug|Any CPU.Build.0 = Debug|Any CPU
		{C851B991-E37C-406D-AA9D-A79DBF50A15A}.Debug|x64.ActiveCfg = Debug|Any CPU
		{C851B991-E37C-406D-AA9D-A79DBF50A15A}.Debug|x64.Build.0 = Debug|Any CPU
		{C851B991-E37C-406D-AA9D-A79DBF50A15A}.Debug|x86.ActiveCfg = Debug|Any CPU
		{C851B991-E37C-406D-AA9D-A79DBF50A15A}.Debug|x86.Build.0 = Debug|Any CPU
		{C851B991-E37C-406D-AA9D-A79DBF50A15A}.Release|Any CPU.ActiveCfg = Release|Any CPU
		{C851B991-E37C-406D-AA9D-A79DBF50A15A}.Release|Any CPU.Build.0 = Release|Any CPU
		{C851B991-E37C-406D-AA9D-A79DBF50A15A}.Release|x64.ActiveCfg = Release|Any CPU
		{C851B991-E37C-406D-AA9D-A79DBF50A15A}.Release|x64.Build.0 = Release|Any CPU
		{C851B991-E37C-406D-AA9D-A79DBF50A15A}.Release|x86.ActiveCfg = Release|Any CPU
		{C851B991-E37C-406D-AA9D-A79DBF50A15A}.Release|x86.Build.0 = Release|Any CPU
	EndGlobalSection
	GlobalSection(SolutionProperties) = preSolution
		HideSolutionNode = FALSE
	EndGlobalSection
EndGlobal
